
Microsoft Visual Studio Solution File, Format Version 11.00
# Visual Studio 2010
Project("{2150E333-8FDC-42A3-9474-1A3956D46DE8}") = "MyTestingGround.ASPNETMVC", "MyTestingGround.ASPNETMVC", "{DC69EAAE-48D3-4EF7-80A2-55331E8836E1}"
EndProject
Project("{FAE04EC0-301F-11D3-BF4B-00C04F79EFBC}") = "MyTestingGroundMVC", "MyTestingGroundMVC\MyTestingGroundMVC.csproj", "{90B9F8FD-F3E6-4771-9813-E4195C392BC0}"
EndProject
Project("{FAE04EC0-301F-11D3-BF4B-00C04F79EFBC}") = "MyTestingGroundMVC.Tests", "MyTestingGroundMVC.Tests\MyTestingGroundMVC.Tests.csproj", "{310C17D1-4A57-4436-A8CE-83D833C377F8}"
EndProject
Project("{2150E333-8FDC-42A3-9474-1A3956D46DE8}") = "Documentation", "Documentation", "{D477D5E5-E52B-49F3-9B96-32E6E3B7C5BD}"
	ProjectSection(SolutionItems) = preProject
		Documentation\Architecture.vsd = Documentation\Architecture.vsd
	EndProjectSection
EndProject
Project("{2150E333-8FDC-42A3-9474-1A3956D46DE8}") = "MyTestingGround.Silverlight", "MyTestingGround.Silverlight", "{90D6029D-7C82-4665-B4DC-0B305697E0A6}"
EndProject
Project("{FAE04EC0-301F-11D3-BF4B-00C04F79EFBC}") = "AdventureWorksManagement", "AdventureWorksManagement\AdventureWorksManagement.csproj", "{7C448FD7-CBD7-4CA1-A784-FF6FC471164E}"
EndProject
Project("{FAE04EC0-301F-11D3-BF4B-00C04F79EFBC}") = "AdventureWorksManagement.Web", "AdventureWorksManagement.Web\AdventureWorksManagement.Web.csproj", "{1DE6FFA3-A1FC-4D8B-9A2C-3440790FB176}"
EndProject
Project("{FAE04EC0-301F-11D3-BF4B-00C04F79EFBC}") = "AdventureWorksManagement.Web.Tests", "AdventureWorksManagement.Web.Tests\AdventureWorksManagement.Web.Tests.csproj", "{23E18EED-2235-4218-9BBA-A6150A8E17E8}"
EndProject
Project("{2150E333-8FDC-42A3-9474-1A3956D46DE8}") = "Commons", "Commons", "{115FD91A-1E14-4FA1-89AE-2080110C0692}"
EndProject
Global
	GlobalSection(SolutionConfigurationPlatforms) = preSolution
		Debug|Any CPU = Debug|Any CPU
		Release|Any CPU = Release|Any CPU
	EndGlobalSection
	GlobalSection(ProjectConfigurationPlatforms) = postSolution
		{90B9F8FD-F3E6-4771-9813-E4195C392BC0}.Debug|Any CPU.ActiveCfg = Debug|Any CPU
		{90B9F8FD-F3E6-4771-9813-E4195C392BC0}.Debug|Any CPU.Build.0 = Debug|Any CPU
		{90B9F8FD-F3E6-4771-9813-E4195C392BC0}.Release|Any CPU.ActiveCfg = Release|Any CPU
		{90B9F8FD-F3E6-4771-9813-E4195C392BC0}.Release|Any CPU.Build.0 = Release|Any CPU
		{310C17D1-4A57-4436-A8CE-83D833C377F8}.Debug|Any CPU.ActiveCfg = Debug|Any CPU
		{310C17D1-4A57-4436-A8CE-83D833C377F8}.Debug|Any CPU.Build.0 = Debug|Any CPU
		{310C17D1-4A57-4436-A8CE-83D833C377F8}.Release|Any CPU.ActiveCfg = Release|Any CPU
		{310C17D1-4A57-4436-A8CE-83D833C377F8}.Release|Any CPU.Build.0 = Release|Any CPU
		{7C448FD7-CBD7-4CA1-A784-FF6FC471164E}.Debug|Any CPU.ActiveCfg = Debug|Any CPU
		{7C448FD7-CBD7-4CA1-A784-FF6FC471164E}.Debug|Any CPU.Build.0 = Debug|Any CPU
		{7C448FD7-CBD7-4CA1-A784-FF6FC471164E}.Release|Any CPU.ActiveCfg = Release|Any CPU
		{7C448FD7-CBD7-4CA1-A784-FF6FC471164E}.Release|Any CPU.Build.0 = Release|Any CPU
		{1DE6FFA3-A1FC-4D8B-9A2C-3440790FB176}.Debug|Any CPU.ActiveCfg = Debug|Any CPU
		{1DE6FFA3-A1FC-4D8B-9A2C-3440790FB176}.Debug|Any CPU.Build.0 = Debug|Any CPU
		{1DE6FFA3-A1FC-4D8B-9A2C-3440790FB176}.Release|Any CPU.ActiveCfg = Release|Any CPU
		{1DE6FFA3-A1FC-4D8B-9A2C-3440790FB176}.Release|Any CPU.Build.0 = Release|Any CPU
		{23E18EED-2235-4218-9BBA-A6150A8E17E8}.Debug|Any CPU.ActiveCfg = Debug|Any CPU
		{23E18EED-2235-4218-9BBA-A6150A8E17E8}.Debug|Any CPU.Build.0 = Debug|Any CPU
		{23E18EED-2235-4218-9BBA-A6150A8E17E8}.Release|Any CPU.ActiveCfg = Release|Any CPU
		{23E18EED-2235-4218-9BBA-A6150A8E17E8}.Release|Any CPU.Build.0 = Release|Any CPU
	EndGlobalSection
	GlobalSection(SolutionProperties) = preSolution
		HideSolutionNode = FALSE
	EndGlobalSection
	GlobalSection(NestedProjects) = preSolution
		{90B9F8FD-F3E6-4771-9813-E4195C392BC0} = {DC69EAAE-48D3-4EF7-80A2-55331E8836E1}
		{310C17D1-4A57-4436-A8CE-83D833C377F8} = {DC69EAAE-48D3-4EF7-80A2-55331E8836E1}
		{7C448FD7-CBD7-4CA1-A784-FF6FC471164E} = {90D6029D-7C82-4665-B4DC-0B305697E0A6}
		{1DE6FFA3-A1FC-4D8B-9A2C-3440790FB176} = {90D6029D-7C82-4665-B4DC-0B305697E0A6}
		{23E18EED-2235-4218-9BBA-A6150A8E17E8} = {90D6029D-7C82-4665-B4DC-0B305697E0A6}
	EndGlobalSection
EndGlobal
