
Microsoft Visual Studio Solution File, Format Version 11.00
# Visual Studio 2010
Project("{2150E333-8FDC-42A3-9474-1A3956D46DE8}") = "Schemas", "Schemas", "{B3E3DA32-6051-4DCA-A65C-11CDEB316E8B}"
EndProject
Project("{FAE04EC0-301F-11D3-BF4B-00C04F79EFBC}") = "MyTestingGroundService.Model", "MyTestingGroundService.Model\MyTestingGroundService.Model.csproj", "{E554599D-4D92-4ECE-A026-E926831D7A81}"
EndProject
Project("{2150E333-8FDC-42A3-9474-1A3956D46DE8}") = "Solution Items", "Solution Items", "{DBA91396-7B19-4647-BA3D-A5AC5AA7875F}"
	ProjectSection(SolutionItems) = preProject
		ProjectMapping.xml = ProjectMapping.xml
		ProjectMapping.xsd = ProjectMapping.xsd
	EndProjectSection
EndProject
Project("{2150E333-8FDC-42A3-9474-1A3956D46DE8}") = "MyTestingGroundService.DataAccess", "MyTestingGroundService.DataAccess", "{3F1BECC4-6623-498A-AFB8-65487CF9DDDD}"
EndProject
Project("{2150E333-8FDC-42A3-9474-1A3956D46DE8}") = "MyTestingGroundService.BusinessLogic", "MyTestingGroundService.BusinessLogic", "{44AFBE54-7EB8-43A6-AB49-0456D7415F2F}"
EndProject
Project("{2150E333-8FDC-42A3-9474-1A3956D46DE8}") = "MyTestingGroundService.DomainObjects", "MyTestingGroundService.DomainObjects", "{ED3B6B45-816F-4DDD-9E4F-77642FE0B528}"
EndProject
Project("{FAE04EC0-301F-11D3-BF4B-00C04F79EFBC}") = "MyTestingGround.DomainObjects", "..\..\MyTestingGround.DomainObjects\MyTestingGround.DomainObjects.csproj", "{F66741F2-2CA5-4ED9-AB26-BF11D0F5F2D7}"
EndProject
Project("{FAE04EC0-301F-11D3-BF4B-00C04F79EFBC}") = "MyTestingGround.DataAccess", "..\..\MyTestingGround.DataAccess\MyTestingGround.DataAccess.csproj", "{FFE19A3D-837A-47BE-B2AC-EA4794D4C6F8}"
EndProject
Project("{FAE04EC0-301F-11D3-BF4B-00C04F79EFBC}") = "MyTestingGround.BusinessLogic", "..\..\MyTestingGround.BusinessLogic\MyTestingGround.BusinessLogic.csproj", "{46B2776F-7D16-4AA5-A390-98F194D8CBF2}"
EndProject
Project("{2150E333-8FDC-42A3-9474-1A3956D46DE8}") = "MyTestingGroundService.Tests", "MyTestingGroundService.Tests", "{C5138F44-EB46-4F3E-94F5-49E10A2AC40B}"
EndProject
Project("{2150E333-8FDC-42A3-9474-1A3956D46DE8}") = "SOS", "SOS", "{66D4E529-D7DD-4476-A64F-E38257B06D01}"
EndProject
Project("{2150E333-8FDC-42A3-9474-1A3956D46DE8}") = "Source", "Source", "{A787B244-0FDA-4791-A3F1-AD9228164FE5}"
EndProject
Project("{2150E333-8FDC-42A3-9474-1A3956D46DE8}") = "Business Logic", "Business Logic", "{75A683F0-9491-4793-A5E4-793AB10B5BB5}"
EndProject
Project("{FAE04EC0-301F-11D3-BF4B-00C04F79EFBC}") = "SOS.BusinessEntities", "SOS\Source\Business Logic\SOS.BusinessEntities\SOS.BusinessEntities.csproj", "{CD7675D1-36F0-49DF-B280-EF22C24D8560}"
EndProject
Project("{FAE04EC0-301F-11D3-BF4B-00C04F79EFBC}") = "SOS.BusinessLogic", "SOS\Source\Business Logic\SOS.BusinessLogic\SOS.BusinessLogic.csproj", "{5FC3FA5D-D3B5-4CAE-BC86-BAF0E7C8B10C}"
EndProject
Project("{2150E333-8FDC-42A3-9474-1A3956D46DE8}") = "Resource Access", "Resource Access", "{C0CE2E75-0FC0-40AA-96E6-7866BB1182E1}"
EndProject
Project("{FAE04EC0-301F-11D3-BF4B-00C04F79EFBC}") = "SOS.DataAccess", "SOS\Source\Resource Access\SOS.DataAccess\SOS.DataAccess.csproj", "{9AF6BA10-62DB-43BF-AAAE-CCE6AE50A3FA}"
EndProject
Project("{2150E333-8FDC-42A3-9474-1A3956D46DE8}") = "Service Interface", "Service Interface", "{D6631C67-0876-4A51-83DC-5E5EDC9C5212}"
EndProject
Project("{FAE04EC0-301F-11D3-BF4B-00C04F79EFBC}") = "SOS.DataContracts", "SOS\Source\Service Interface\SOS.DataContracts\SOS.DataContracts.csproj", "{6AEBD8C0-61DC-4BC4-8118-FADB1B317268}"
EndProject
Project("{FAE04EC0-301F-11D3-BF4B-00C04F79EFBC}") = "SOS.FaultContracts", "SOS\Source\Service Interface\SOS.FaultContracts\SOS.FaultContracts.csproj", "{1352B1E6-CF89-41FA-8AB6-7478A5A47BF8}"
EndProject
Project("{FAE04EC0-301F-11D3-BF4B-00C04F79EFBC}") = "SOS.MessageContracts", "SOS\Source\Service Interface\SOS.MessageContracts\SOS.MessageContracts.csproj", "{FC049481-C247-4DD5-A716-89796D95E38D}"
EndProject
Project("{FAE04EC0-301F-11D3-BF4B-00C04F79EFBC}") = "SOS.ServiceImplementation", "SOS\Source\Service Interface\SOS.ServiceImplementation\SOS.ServiceImplementation.csproj", "{E4A12552-8926-4589-9B80-7A28BBA52E5C}"
EndProject
Project("{FAE04EC0-301F-11D3-BF4B-00C04F79EFBC}") = "SOS.ServiceContracts", "SOS\Source\Service Interface\SOS.ServiceContracts\SOS.ServiceContracts.csproj", "{689E7F38-D115-41EE-8C01-D108108A0A79}"
EndProject
Project("{2150E333-8FDC-42A3-9474-1A3956D46DE8}") = "Tests", "Tests", "{F5A152D6-D080-4F7A-AED1-D345B6CF0CAE}"
EndProject
Project("{E24C65DC-7377-472B-9ABA-BC803B73C61A}") = "SOS.Host", "SOS\Tests\SOS.Host\", "{003A6D58-CC44-47A4-849D-0ABE7099673D}"
	ProjectSection(WebsiteProperties) = preProject
		TargetFrameworkMoniker = ".NETFramework,Version%3Dv4.0"
		ProjectReferences = "{E4A12552-8926-4589-9B80-7A28BBA52E5C}|SOS.ServiceImplementation.ServiceImplementation.dll;{CD7675D1-36F0-49DF-B280-EF22C24D8560}|SOS.BusinessEntities.BusinessEntities.dll;{5FC3FA5D-D3B5-4CAE-BC86-BAF0E7C8B10C}|SOS.BusinessLogic.BusinessLogic.dll;{9AF6BA10-62DB-43BF-AAAE-CCE6AE50A3FA}|SOS.DataAccess.DataAccess.dll;{6AEBD8C0-61DC-4BC4-8118-FADB1B317268}|SOS.DataContracts.DataContracts.dll;{1352B1E6-CF89-41FA-8AB6-7478A5A47BF8}|SOS.FaultContracts.FaultContracts.dll;{FC049481-C247-4DD5-A716-89796D95E38D}|SOS.MessageContracts.MessageContracts.dll;{689E7F38-D115-41EE-8C01-D108108A0A79}|SOS.ServiceContracts.ServiceContracts.dll;{46B2776F-7D16-4AA5-A390-98F194D8CBF2}|MyTestingGround.BusinessLogic.dll;{FFE19A3D-837A-47BE-B2AC-EA4794D4C6F8}|MyTestingGround.DataAccess.dll;{F66741F2-2CA5-4ED9-AB26-BF11D0F5F2D7}|MyTestingGround.DomainObjects.dll;"
		Debug.AspNetCompiler.VirtualPath = "/SOS.Host"
		Debug.AspNetCompiler.PhysicalPath = "SOS\Tests\SOS.Host\"
		Debug.AspNetCompiler.TargetPath = "PrecompiledWeb\SOS.Host\"
		Debug.AspNetCompiler.Updateable = "true"
		Debug.AspNetCompiler.ForceOverwrite = "true"
		Debug.AspNetCompiler.FixedNames = "false"
		Debug.AspNetCompiler.Debug = "True"
		Release.AspNetCompiler.VirtualPath = "/SOS.Host"
		Release.AspNetCompiler.PhysicalPath = "SOS\Tests\SOS.Host\"
		Release.AspNetCompiler.TargetPath = "PrecompiledWeb\SOS.Host\"
		Release.AspNetCompiler.Updateable = "true"
		Release.AspNetCompiler.ForceOverwrite = "true"
		Release.AspNetCompiler.FixedNames = "false"
		Release.AspNetCompiler.Debug = "False"
		VWDPort = "49696"
		VWDDynamicPort = "false"
		DefaultWebSiteLanguage = "Visual C#"
	EndProjectSection
EndProject
Project("{FAE04EC0-301F-11D3-BF4B-00C04F79EFBC}") = "SOS.Client", "SOS\Tests\SOS.Client\SOS.Client.csproj", "{84FDECF5-9FF8-4EF7-A96E-FE052631D957}"
EndProject
Project("{2150E333-8FDC-42A3-9474-1A3956D46DE8}") = "Functional Tests", "Functional Tests", "{1C85C1B7-7730-424C-875D-ED1D26AB673A}"
EndProject
Project("{2150E333-8FDC-42A3-9474-1A3956D46DE8}") = "Unit Tests", "Unit Tests", "{9A965E10-FFB5-4307-810D-BAB501D4CFFD}"
EndProject
Project("{2150E333-8FDC-42A3-9474-1A3956D46DE8}") = "Documentation", "Documentation", "{96850CBD-70AA-4211-8425-B97F2A7C6313}"
	ProjectSection(SolutionItems) = preProject
		..\..\Documentation\Architecture.vsd = ..\..\Documentation\Architecture.vsd
	EndProjectSection
EndProject
Global
	GlobalSection(SolutionConfigurationPlatforms) = preSolution
		Debug|Any CPU = Debug|Any CPU
		Release|Any CPU = Release|Any CPU
	EndGlobalSection
	GlobalSection(ProjectConfigurationPlatforms) = postSolution
		{E554599D-4D92-4ECE-A026-E926831D7A81}.Debug|Any CPU.ActiveCfg = Debug|Any CPU
		{E554599D-4D92-4ECE-A026-E926831D7A81}.Debug|Any CPU.Build.0 = Debug|Any CPU
		{E554599D-4D92-4ECE-A026-E926831D7A81}.Release|Any CPU.ActiveCfg = Release|Any CPU
		{E554599D-4D92-4ECE-A026-E926831D7A81}.Release|Any CPU.Build.0 = Release|Any CPU
		{F66741F2-2CA5-4ED9-AB26-BF11D0F5F2D7}.Debug|Any CPU.ActiveCfg = Debug|Any CPU
		{F66741F2-2CA5-4ED9-AB26-BF11D0F5F2D7}.Debug|Any CPU.Build.0 = Debug|Any CPU
		{F66741F2-2CA5-4ED9-AB26-BF11D0F5F2D7}.Release|Any CPU.ActiveCfg = Release|Any CPU
		{F66741F2-2CA5-4ED9-AB26-BF11D0F5F2D7}.Release|Any CPU.Build.0 = Release|Any CPU
		{FFE19A3D-837A-47BE-B2AC-EA4794D4C6F8}.Debug|Any CPU.ActiveCfg = Debug|Any CPU
		{FFE19A3D-837A-47BE-B2AC-EA4794D4C6F8}.Debug|Any CPU.Build.0 = Debug|Any CPU
		{FFE19A3D-837A-47BE-B2AC-EA4794D4C6F8}.Release|Any CPU.ActiveCfg = Release|Any CPU
		{FFE19A3D-837A-47BE-B2AC-EA4794D4C6F8}.Release|Any CPU.Build.0 = Release|Any CPU
		{46B2776F-7D16-4AA5-A390-98F194D8CBF2}.Debug|Any CPU.ActiveCfg = Debug|Any CPU
		{46B2776F-7D16-4AA5-A390-98F194D8CBF2}.Debug|Any CPU.Build.0 = Debug|Any CPU
		{46B2776F-7D16-4AA5-A390-98F194D8CBF2}.Release|Any CPU.ActiveCfg = Release|Any CPU
		{46B2776F-7D16-4AA5-A390-98F194D8CBF2}.Release|Any CPU.Build.0 = Release|Any CPU
		{CD7675D1-36F0-49DF-B280-EF22C24D8560}.Debug|Any CPU.ActiveCfg = Debug|Any CPU
		{CD7675D1-36F0-49DF-B280-EF22C24D8560}.Debug|Any CPU.Build.0 = Debug|Any CPU
		{CD7675D1-36F0-49DF-B280-EF22C24D8560}.Release|Any CPU.ActiveCfg = Release|Any CPU
		{CD7675D1-36F0-49DF-B280-EF22C24D8560}.Release|Any CPU.Build.0 = Release|Any CPU
		{5FC3FA5D-D3B5-4CAE-BC86-BAF0E7C8B10C}.Debug|Any CPU.ActiveCfg = Debug|Any CPU
		{5FC3FA5D-D3B5-4CAE-BC86-BAF0E7C8B10C}.Debug|Any CPU.Build.0 = Debug|Any CPU
		{5FC3FA5D-D3B5-4CAE-BC86-BAF0E7C8B10C}.Release|Any CPU.ActiveCfg = Release|Any CPU
		{5FC3FA5D-D3B5-4CAE-BC86-BAF0E7C8B10C}.Release|Any CPU.Build.0 = Release|Any CPU
		{9AF6BA10-62DB-43BF-AAAE-CCE6AE50A3FA}.Debug|Any CPU.ActiveCfg = Debug|Any CPU
		{9AF6BA10-62DB-43BF-AAAE-CCE6AE50A3FA}.Debug|Any CPU.Build.0 = Debug|Any CPU
		{9AF6BA10-62DB-43BF-AAAE-CCE6AE50A3FA}.Release|Any CPU.ActiveCfg = Release|Any CPU
		{9AF6BA10-62DB-43BF-AAAE-CCE6AE50A3FA}.Release|Any CPU.Build.0 = Release|Any CPU
		{6AEBD8C0-61DC-4BC4-8118-FADB1B317268}.Debug|Any CPU.ActiveCfg = Debug|Any CPU
		{6AEBD8C0-61DC-4BC4-8118-FADB1B317268}.Debug|Any CPU.Build.0 = Debug|Any CPU
		{6AEBD8C0-61DC-4BC4-8118-FADB1B317268}.Release|Any CPU.ActiveCfg = Release|Any CPU
		{6AEBD8C0-61DC-4BC4-8118-FADB1B317268}.Release|Any CPU.Build.0 = Release|Any CPU
		{1352B1E6-CF89-41FA-8AB6-7478A5A47BF8}.Debug|Any CPU.ActiveCfg = Debug|Any CPU
		{1352B1E6-CF89-41FA-8AB6-7478A5A47BF8}.Debug|Any CPU.Build.0 = Debug|Any CPU
		{1352B1E6-CF89-41FA-8AB6-7478A5A47BF8}.Release|Any CPU.ActiveCfg = Release|Any CPU
		{1352B1E6-CF89-41FA-8AB6-7478A5A47BF8}.Release|Any CPU.Build.0 = Release|Any CPU
		{FC049481-C247-4DD5-A716-89796D95E38D}.Debug|Any CPU.ActiveCfg = Debug|Any CPU
		{FC049481-C247-4DD5-A716-89796D95E38D}.Debug|Any CPU.Build.0 = Debug|Any CPU
		{FC049481-C247-4DD5-A716-89796D95E38D}.Release|Any CPU.ActiveCfg = Release|Any CPU
		{FC049481-C247-4DD5-A716-89796D95E38D}.Release|Any CPU.Build.0 = Release|Any CPU
		{E4A12552-8926-4589-9B80-7A28BBA52E5C}.Debug|Any CPU.ActiveCfg = Debug|Any CPU
		{E4A12552-8926-4589-9B80-7A28BBA52E5C}.Debug|Any CPU.Build.0 = Debug|Any CPU
		{E4A12552-8926-4589-9B80-7A28BBA52E5C}.Release|Any CPU.ActiveCfg = Release|Any CPU
		{E4A12552-8926-4589-9B80-7A28BBA52E5C}.Release|Any CPU.Build.0 = Release|Any CPU
		{689E7F38-D115-41EE-8C01-D108108A0A79}.Debug|Any CPU.ActiveCfg = Debug|Any CPU
		{689E7F38-D115-41EE-8C01-D108108A0A79}.Debug|Any CPU.Build.0 = Debug|Any CPU
		{689E7F38-D115-41EE-8C01-D108108A0A79}.Release|Any CPU.ActiveCfg = Release|Any CPU
		{689E7F38-D115-41EE-8C01-D108108A0A79}.Release|Any CPU.Build.0 = Release|Any CPU
		{003A6D58-CC44-47A4-849D-0ABE7099673D}.Debug|Any CPU.ActiveCfg = Debug|Any CPU
		{003A6D58-CC44-47A4-849D-0ABE7099673D}.Debug|Any CPU.Build.0 = Debug|Any CPU
		{003A6D58-CC44-47A4-849D-0ABE7099673D}.Release|Any CPU.ActiveCfg = Debug|Any CPU
		{003A6D58-CC44-47A4-849D-0ABE7099673D}.Release|Any CPU.Build.0 = Debug|Any CPU
		{84FDECF5-9FF8-4EF7-A96E-FE052631D957}.Debug|Any CPU.ActiveCfg = Debug|Any CPU
		{84FDECF5-9FF8-4EF7-A96E-FE052631D957}.Debug|Any CPU.Build.0 = Debug|Any CPU
		{84FDECF5-9FF8-4EF7-A96E-FE052631D957}.Release|Any CPU.ActiveCfg = Release|Any CPU
		{84FDECF5-9FF8-4EF7-A96E-FE052631D957}.Release|Any CPU.Build.0 = Release|Any CPU
	EndGlobalSection
	GlobalSection(SolutionProperties) = preSolution
		HideSolutionNode = FALSE
	EndGlobalSection
	GlobalSection(NestedProjects) = preSolution
		{FFE19A3D-837A-47BE-B2AC-EA4794D4C6F8} = {3F1BECC4-6623-498A-AFB8-65487CF9DDDD}
		{46B2776F-7D16-4AA5-A390-98F194D8CBF2} = {44AFBE54-7EB8-43A6-AB49-0456D7415F2F}
		{F66741F2-2CA5-4ED9-AB26-BF11D0F5F2D7} = {ED3B6B45-816F-4DDD-9E4F-77642FE0B528}
		{A787B244-0FDA-4791-A3F1-AD9228164FE5} = {66D4E529-D7DD-4476-A64F-E38257B06D01}
		{F5A152D6-D080-4F7A-AED1-D345B6CF0CAE} = {66D4E529-D7DD-4476-A64F-E38257B06D01}
		{75A683F0-9491-4793-A5E4-793AB10B5BB5} = {A787B244-0FDA-4791-A3F1-AD9228164FE5}
		{C0CE2E75-0FC0-40AA-96E6-7866BB1182E1} = {A787B244-0FDA-4791-A3F1-AD9228164FE5}
		{D6631C67-0876-4A51-83DC-5E5EDC9C5212} = {A787B244-0FDA-4791-A3F1-AD9228164FE5}
		{CD7675D1-36F0-49DF-B280-EF22C24D8560} = {75A683F0-9491-4793-A5E4-793AB10B5BB5}
		{5FC3FA5D-D3B5-4CAE-BC86-BAF0E7C8B10C} = {75A683F0-9491-4793-A5E4-793AB10B5BB5}
		{9AF6BA10-62DB-43BF-AAAE-CCE6AE50A3FA} = {C0CE2E75-0FC0-40AA-96E6-7866BB1182E1}
		{6AEBD8C0-61DC-4BC4-8118-FADB1B317268} = {D6631C67-0876-4A51-83DC-5E5EDC9C5212}
		{1352B1E6-CF89-41FA-8AB6-7478A5A47BF8} = {D6631C67-0876-4A51-83DC-5E5EDC9C5212}
		{FC049481-C247-4DD5-A716-89796D95E38D} = {D6631C67-0876-4A51-83DC-5E5EDC9C5212}
		{E4A12552-8926-4589-9B80-7A28BBA52E5C} = {D6631C67-0876-4A51-83DC-5E5EDC9C5212}
		{689E7F38-D115-41EE-8C01-D108108A0A79} = {D6631C67-0876-4A51-83DC-5E5EDC9C5212}
		{003A6D58-CC44-47A4-849D-0ABE7099673D} = {F5A152D6-D080-4F7A-AED1-D345B6CF0CAE}
		{84FDECF5-9FF8-4EF7-A96E-FE052631D957} = {F5A152D6-D080-4F7A-AED1-D345B6CF0CAE}
		{1C85C1B7-7730-424C-875D-ED1D26AB673A} = {F5A152D6-D080-4F7A-AED1-D345B6CF0CAE}
		{9A965E10-FFB5-4307-810D-BAB501D4CFFD} = {F5A152D6-D080-4F7A-AED1-D345B6CF0CAE}
	EndGlobalSection
EndGlobal
